
Microsoft Visual Studio Solution File, Format Version 12.00
# Visual Studio Version 17
VisualStudioVersion = 17.1.32228.430
MinimumVisualStudioVersion = 10.0.40219.1
Project("{FAE04EC0-301F-11D3-BF4B-00C04F79EFBC}") = "SongList", "SongList\SongList.csproj", "{3B9CB119-8962-4455-8600-0176F85CFCAD}"
EndProject
Global
	GlobalSection(SolutionConfigurationPlatforms) = preSolution
		Debug|Any CPU = Debug|Any CPU
		Release|Any CPU = Release|Any CPU
	EndGlobalSection
	GlobalSection(ProjectConfigurationPlatforms) = postSolution
		{3B9CB119-8962-4455-8600-0176F85CFCAD}.Debug|Any CPU.ActiveCfg = Debug|Any CPU
		{3B9CB119-8962-4455-8600-0176F85CFCAD}.Debug|Any CPU.Build.0 = Debug|Any CPU
		{3B9CB119-8962-4455-8600-0176F85CFCAD}.Release|Any CPU.ActiveCfg = Release|Any CPU
		{3B9CB119-8962-4455-8600-0176F85CFCAD}.Release|Any CPU.Build.0 = Release|Any CPU
	EndGlobalSection
	GlobalSection(SolutionProperties) = preSolution
		HideSolutionNode = FALSE
	EndGlobalSection
	GlobalSection(ExtensibilityGlobals) = postSolution
		SolutionGuid = {C626DAB6-DB34-4E7E-A862-FE85146BF937}
	EndGlobalSection
EndGlobal
